// !$*UTF8*$!
{
	archiveVersion = 1;
	classes = {
	};
	objectVersion = 77;
	objects = {

/* Begin PBXBuildFile section */
		91963D832F0D2D2200513AF2 /* ComposableArchitecture in Frameworks */ = {isa = PBXBuildFile; productRef = 91963D822F0D2D2200513AF2 /* ComposableArchitecture */; };
/* End PBXBuildFile section */

/* Begin PBXContainerItemProxy section */
		91963D642F0D2B6300513AF2 /* PBXContainerItemProxy */ = {
			isa = PBXContainerItemProxy;
			containerPortal = 91963D4E2F0D2B6100513AF2 /* Project object */;
			proxyType = 1;
			remoteGlobalIDString = 91963D552F0D2B6100513AF2;
			remoteInfo = "TCA-tutorial-chapter-1";
		};
		91963D6E2F0D2B6300513AF2 /* PBXContainerItemProxy */ = {
			isa = PBXContainerItemProxy;
			containerPortal = 91963D4E2F0D2B6100513AF2 /* Project object */;
			proxyType = 1;
			remoteGlobalIDString = 91963D552F0D2B6100513AF2;
			remoteInfo = "TCA-tutorial-chapter-1";
		};
/* End PBXContainerItemProxy section */

/* Begin PBXFileReference section */
		91963D562F0D2B6100513AF2 /* TCA-tutorial-chapter-1.app */ = {isa = PBXFileReference; explicitFileType = wrapper.application; includeInIndex = 0; path = "TCA-tutorial-chapter-1.app"; sourceTree = BUILT_PRODUCTS_DIR; };
		91963D632F0D2B6300513AF2 /* TCA-tutorial-chapter-1Tests.xctest */ = {isa = PBXFileReference; explicitFileType = wrapper.cfbundle; includeInIndex = 0; path = "TCA-tutorial-chapter-1Tests.xctest"; sourceTree = BUILT_PRODUCTS_DIR; };
		91963D6D2F0D2B6300513AF2 /* TCA-tutorial-chapter-1UITests.xctest */ = {isa = PBXFileReference; explicitFileType = wrapper.cfbundle; includeInIndex = 0; path = "TCA-tutorial-chapter-1UITests.xctest"; sourceTree = BUILT_PRODUCTS_DIR; };
/* End PBXFileReference section */

/* Begin PBXFileSystemSynchronizedBuildFileExceptionSet section */
		91963D872F0D526D00513AF2 /* Exceptions for "TCA-tutorial-chapter-1" folder in "TCA-tutorial-chapter-1" target */ = {
			isa = PBXFileSystemSynchronizedBuildFileExceptionSet;
			membershipExceptions = (
				Info.plist,
			);
			target = 91963D552F0D2B6100513AF2 /* TCA-tutorial-chapter-1 */;
		};
/* End PBXFileSystemSynchronizedBuildFileExceptionSet section */

/* Begin PBXFileSystemSynchronizedRootGroup section */
		91963D582F0D2B6100513AF2 /* TCA-tutorial-chapter-1 */ = {
			isa = PBXFileSystemSynchronizedRootGroup;
			exceptions = (
				91963D872F0D526D00513AF2 /* Exceptions for "TCA-tutorial-chapter-1" folder in "TCA-tutorial-chapter-1" target */,
			);
			path = "TCA-tutorial-chapter-1";
			sourceTree = "<group>";
		};
/* End PBXFileSystemSynchronizedRootGroup section */

/* Begin PBXFrameworksBuildPhase section */
		91963D532F0D2B6100513AF2 /* Frameworks */ = {
			isa = PBXFrameworksBuildPhase;
			buildActionMask = 2147483647;
			files = (
				91963D832F0D2D2200513AF2 /* ComposableArchitecture in Frameworks */,
			);
			runOnlyForDeploymentPostprocessing = 0;
		};
		91963D602F0D2B6300513AF2 /* Frameworks */ = {
			isa = PBXFrameworksBuildPhase;
			buildActionMask = 2147483647;
			files = (
			);
			runOnlyForDeploymentPostprocessing = 0;
		};
		91963D6A2F0D2B6300513AF2 /* Frameworks */ = {
			isa = PBXFrameworksBuildPhase;
			buildActionMask = 2147483647;
			files = (
			);
			runOnlyForDeploymentPostprocessing = 0;
		};
/* End PBXFrameworksBuildPhase section */

/* Begin PBXGroup section */
		91963D4D2F0D2B6100513AF2 = {
			isa = PBXGroup;
			children = (
				91963D582F0D2B6100513AF2 /* TCA-tutorial-chapter-1 */,
				91963D572F0D2B6100513AF2 /* Products */,
			);
			sourceTree = "<group>";
		};
		91963D572F0D2B6100513AF2 /* Products */ = {
			isa = PBXGroup;
			children = (
				91963D562F0D2B6100513AF2 /* TCA-tutorial-chapter-1.app */,
				91963D632F0D2B6300513AF2 /* TCA-tutorial-chapter-1Tests.xctest */,
				91963D6D2F0D2B6300513AF2 /* TCA-tutorial-chapter-1UITests.xctest */,
			);
			name = Products;
			sourceTree = "<group>";
		};
/* End PBXGroup section */

/* Begin PBXNativeTarget section */
		91963D552F0D2B6100513AF2 /* TCA-tutorial-chapter-1 */ = {
			isa = PBXNativeTarget;
			buildConfigurationList = 91963D772F0D2B6300513AF2 /* Build configuration list for PBXNativeTarget "TCA-tutorial-chapter-1" */;
			buildPhases = (
				91963D522F0D2B6100513AF2 /* Sources */,
				91963D532F0D2B6100513AF2 /* Frameworks */,
				91963D542F0D2B6100513AF2 /* Resources */,
			);
			buildRules = (
			);
			dependencies = (
			);
			fileSystemSynchronizedGroups = (
				91963D582F0D2B6100513AF2 /* TCA-tutorial-chapter-1 */,
			);
			name = "TCA-tutorial-chapter-1";
			packageProductDependencies = (
				91963D822F0D2D2200513AF2 /* ComposableArchitecture */,
			);
			productName = "TCA-tutorial-chapter-1";
			productReference = 91963D562F0D2B6100513AF2 /* TCA-tutorial-chapter-1.app */;
			productType = "com.apple.product-type.application";
		};
		91963D622F0D2B6300513AF2 /* TCA-tutorial-chapter-1Tests */ = {
			isa = PBXNativeTarget;
			buildConfigurationList = 91963D7A2F0D2B6300513AF2 /* Build configuration list for PBXNativeTarget "TCA-tutorial-chapter-1Tests" */;
			buildPhases = (
				91963D5F2F0D2B6300513AF2 /* Sources */,
				91963D602F0D2B6300513AF2 /* Frameworks */,
				91963D612F0D2B6300513AF2 /* Resources */,
			);
			buildRules = (
			);
			dependencies = (
				91963D652F0D2B6300513AF2 /* PBXTargetDependency */,
			);
			name = "TCA-tutorial-chapter-1Tests";
			packageProductDependencies = (
			);
			productName = "TCA-tutorial-chapter-1Tests";
			productReference = 91963D632F0D2B6300513AF2 /* TCA-tutorial-chapter-1Tests.xctest */;
			productType = "com.apple.product-type.bundle.unit-test";
		};
		91963D6C2F0D2B6300513AF2 /* TCA-tutorial-chapter-1UITests */ = {
			isa = PBXNativeTarget;
			buildConfigurationList = 91963D7D2F0D2B6300513AF2 /* Build configuration list for PBXNativeTarget "TCA-tutorial-chapter-1UITests" */;
			buildPhases = (
				91963D692F0D2B6300513AF2 /* Sources */,
				91963D6A2F0D2B6300513AF2 /* Frameworks */,
				91963D6B2F0D2B6300513AF2 /* Resources */,
			);
			buildRules = (
			);
			dependencies = (
				91963D6F2F0D2B6300513AF2 /* PBXTargetDependency */,
			);
			name = "TCA-tutorial-chapter-1UITests";
			packageProductDependencies = (
			);
			productName = "TCA-tutorial-chapter-1UITests";
			productReference = 91963D6D2F0D2B6300513AF2 /* TCA-tutorial-chapter-1UITests.xctest */;
			productType = "com.apple.product-type.bundle.ui-testing";
		};
/* End PBXNativeTarget section */

/* Begin PBXProject section */
		91963D4E2F0D2B6100513AF2 /* Project object */ = {
			isa = PBXProject;
			attributes = {
				BuildIndependentTargetsInParallel = 1;
				LastSwiftUpdateCheck = 2620;
				LastUpgradeCheck = 2620;
				TargetAttributes = {
					91963D552F0D2B6100513AF2 = {
						CreatedOnToolsVersion = 26.2;
					};
					91963D622F0D2B6300513AF2 = {
						CreatedOnToolsVersion = 26.2;
						TestTargetID = 91963D552F0D2B6100513AF2;
					};
					91963D6C2F0D2B6300513AF2 = {
						CreatedOnToolsVersion = 26.2;
						TestTargetID = 91963D552F0D2B6100513AF2;
					};
				};
			};
			buildConfigurationList = 91963D512F0D2B6100513AF2 /* Build configuration list for PBXProject "TCA-tutorial-chapter-1" */;
			developmentRegion = en;
			hasScannedForEncodings = 0;
			knownRegions = (
				en,
				Base,
			);
			mainGroup = 91963D4D2F0D2B6100513AF2;
			minimizedProjectReferenceProxies = 1;
			packageReferences = (
				91963D812F0D2D2200513AF2 /* XCRemoteSwiftPackageReference "swift-composable-architecture" */,
			);
			preferredProjectObjectVersion = 77;
			productRefGroup = 91963D572F0D2B6100513AF2 /* Products */;
			projectDirPath = "";
			projectRoot = "";
			targets = (
				91963D552F0D2B6100513AF2 /* TCA-tutorial-chapter-1 */,
				91963D622F0D2B6300513AF2 /* TCA-tutorial-chapter-1Tests */,
				91963D6C2F0D2B6300513AF2 /* TCA-tutorial-chapter-1UITests */,
			);
		};
/* End PBXProject section */

/* Begin PBXResourcesBuildPhase section */
		91963D542F0D2B6100513AF2 /* Resources */ = {
			isa = PBXResourcesBuildPhase;
			buildActionMask = 2147483647;
			files = (
			);
			runOnlyForDeploymentPostprocessing = 0;
		};
		91963D612F0D2B6300513AF2 /* Resources */ = {
			isa = PBXResourcesBuildPhase;
			buildActionMask = 2147483647;
			files = (
			);
			runOnlyForDeploymentPostprocessing = 0;
		};
		91963D6B2F0D2B6300513AF2 /* Resources */ = {
			isa = PBXResourcesBuildPhase;
			buildActionMask = 2147483647;
			files = (
			);
			runOnlyForDeploymentPostprocessing = 0;
		};
/* End PBXResourcesBuildPhase section */

/* Begin PBXSourcesBuildPhase section */
		91963D522F0D2B6100513AF2 /* Sources */ = {
			isa = PBXSourcesBuildPhase;
			buildActionMask = 2147483647;
			files = (
			);
			runOnlyForDeploymentPostprocessing = 0;
		};
		91963D5F2F0D2B6300513AF2 /* Sources */ = {
			isa = PBXSourcesBuildPhase;
			buildActionMask = 2147483647;
			files = (
			);
			runOnlyForDeploymentPostprocessing = 0;
		};
		91963D692F0D2B6300513AF2 /* Sources */ = {
			isa = PBXSourcesBuildPhase;
			buildActionMask = 2147483647;
			files = (
			);
			runOnlyForDeploymentPostprocessing = 0;
		};
/* End PBXSourcesBuildPhase section */

/* Begin PBXTargetDependency section */
		91963D652F0D2B6300513AF2 /* PBXTargetDependency */ = {
			isa = PBXTargetDependency;
			target = 91963D552F0D2B6100513AF2 /* TCA-tutorial-chapter-1 */;
			targetProxy = 91963D642F0D2B6300513AF2 /* PBXContainerItemProxy */;
		};
		91963D6F2F0D2B6300513AF2 /* PBXTargetDependency */ = {
			isa = PBXTargetDependency;
			target = 91963D552F0D2B6100513AF2 /* TCA-tutorial-chapter-1 */;
			targetProxy = 91963D6E2F0D2B6300513AF2 /* PBXContainerItemProxy */;
		};
/* End PBXTargetDependency section */

/* Begin XCBuildConfiguration section */
		91963D752F0D2B6300513AF2 /* Debug */ = {
			isa = XCBuildConfiguration;
			buildSettings = {
				ALWAYS_SEARCH_USER_PATHS = NO;
				ASSETCATALOG_COMPILER_GENERATE_SWIFT_ASSET_SYMBOL_EXTENSIONS = YES;
				CLANG_ANALYZER_NONNULL = YES;
				CLANG_ANALYZER_NUMBER_OBJECT_CONVERSION = YES_AGGRESSIVE;
				CLANG_CXX_LANGUAGE_STANDARD = "gnu++20";
				CLANG_ENABLE_MODULES = YES;
				CLANG_ENABLE_OBJC_ARC = YES;
				CLANG_ENABLE_OBJC_WEAK = YES;
				CLANG_WARN_BLOCK_CAPTURE_AUTORELEASING = YES;
				CLANG_WARN_BOOL_CONVERSION = YES;
				CLANG_WARN_COMMA = YES;
				CLANG_WARN_CONSTANT_CONVERSION = YES;
				CLANG_WARN_DEPRECATED_OBJC_IMPLEMENTATIONS = YES;
				CLANG_WARN_DIRECT_OBJC_ISA_USAGE = YES_ERROR;
				CLANG_WARN_DOCUMENTATION_COMMENTS = YES;
				CLANG_WARN_EMPTY_BODY = YES;
				CLANG_WARN_ENUM_CONVERSION = YES;
				CLANG_WARN_INFINITE_RECURSION = YES;
				CLANG_WARN_INT_CONVERSION = YES;
				CLANG_WARN_NON_LITERAL_NULL_CONVERSION = YES;
				CLANG_WARN_OBJC_IMPLICIT_RETAIN_SELF = YES;
				CLANG_WARN_OBJC_LITERAL_CONVERSION = YES;
				CLANG_WARN_OBJC_ROOT_CLASS = YES_ERROR;
				CLANG_WARN_QUOTED_INCLUDE_IN_FRAMEWORK_HEADER = YES;
				CLANG_WARN_RANGE_LOOP_ANALYSIS = YES;
				CLANG_WARN_STRICT_PROTOTYPES = YES;
				CLANG_WARN_SUSPICIOUS_MOVE = YES;
				CLANG_WARN_UNGUARDED_AVAILABILITY = YES_AGGRESSIVE;
				CLANG_WARN_UNREACHABLE_CODE = YES;
				CLANG_WARN__DUPLICATE_METHOD_MATCH = YES;
				COPY_PHASE_STRIP = NO;
				DEBUG_INFORMATION_FORMAT = dwarf;
				DEVELOPMENT_TEAM = LX9Y64QMQB;
				ENABLE_STRICT_OBJC_MSGSEND = YES;
				ENABLE_TESTABILITY = YES;
				ENABLE_USER_SCRIPT_SANDBOXING = YES;
				GCC_C_LANGUAGE_STANDARD = gnu17;
				GCC_DYNAMIC_NO_PIC = NO;
				GCC_NO_COMMON_BLOCKS = YES;
				GCC_OPTIMIZATION_LEVEL = 0;
				GCC_PREPROCESSOR_DEFINITIONS = (
					"DEBUG=1",
					"$(inherited)",
				);
				GCC_WARN_64_TO_32_BIT_CONVERSION = YES;
				GCC_WARN_ABOUT_RETURN_TYPE = YES_ERROR;
				GCC_WARN_UNDECLARED_SELECTOR = YES;
				GCC_WARN_UNINITIALIZED_AUTOS = YES_AGGRESSIVE;
				GCC_WARN_UNUSED_FUNCTION = YES;
				GCC_WARN_UNUSED_VARIABLE = YES;
				IPHONEOS_DEPLOYMENT_TARGET = 26.2;
				LOCALIZATION_PREFERS_STRING_CATALOGS = YES;
				MTL_ENABLE_DEBUG_INFO = INCLUDE_SOURCE;
				MTL_FAST_MATH = YES;
				ONLY_ACTIVE_ARCH = YES;
				SDKROOT = iphoneos;
				SWIFT_ACTIVE_COMPILATION_CONDITIONS = "DEBUG $(inherited)";
				SWIFT_OPTIMIZATION_LEVEL = "-Onone";
			};
			name = Debug;
		};
		91963D762F0D2B6300513AF2 /* Release */ = {
			isa = XCBuildConfiguration;
			buildSettings = {
				ALWAYS_SEARCH_USER_PATHS = NO;
				ASSETCATALOG_COMPILER_GENERATE_SWIFT_ASSET_SYMBOL_EXTENSIONS = YES;
				CLANG_ANALYZER_NONNULL = YES;
				CLANG_ANALYZER_NUMBER_OBJECT_CONVERSION = YES_AGGRESSIVE;
				CLANG_CXX_LANGUAGE_STANDARD = "gnu++20";
				CLANG_ENABLE_MODULES = YES;
				CLANG_ENABLE_OBJC_ARC = YES;
				CLANG_ENABLE_OBJC_WEAK = YES;
				CLANG_WARN_BLOCK_CAPTURE_AUTORELEASING = YES;
				CLANG_WARN_BOOL_CONVERSION = YES;
				CLANG_WARN_COMMA = YES;
				CLANG_WARN_CONSTANT_CONVERSION = YES;
				CLANG_WARN_DEPRECATED_OBJC_IMPLEMENTATIONS = YES;
				CLANG_WARN_DIRECT_OBJC_ISA_USAGE = YES_ERROR;
				CLANG_WARN_DOCUMENTATION_COMMENTS = YES;
				CLANG_WARN_EMPTY_BODY = YES;
				CLANG_WARN_ENUM_CONVERSION = YES;
				CLANG_WARN_INFINITE_RECURSION = YES;
				CLANG_WARN_INT_CONVERSION = YES;
				CLANG_WARN_NON_LITERAL_NULL_CONVERSION = YES;
				CLANG_WARN_OBJC_IMPLICIT_RETAIN_SELF = YES;
				CLANG_WARN_OBJC_LITERAL_CONVERSION = YES;
				CLANG_WARN_OBJC_ROOT_CLASS = YES_ERROR;
				CLANG_WARN_QUOTED_INCLUDE_IN_FRAMEWORK_HEADER = YES;
				CLANG_WARN_RANGE_LOOP_ANALYSIS = YES;
				CLANG_WARN_STRICT_PROTOTYPES = YES;
				CLANG_WARN_SUSPICIOUS_MOVE = YES;
				CLANG_WARN_UNGUARDED_AVAILABILITY = YES_AGGRESSIVE;
				CLANG_WARN_UNREACHABLE_CODE = YES;
				CLANG_WARN__DUPLICATE_METHOD_MATCH = YES;
				COPY_PHASE_STRIP = NO;
				DEBUG_INFORMATION_FORMAT = "dwarf-with-dsym";
				DEVELOPMENT_TEAM = LX9Y64QMQB;
				ENABLE_NS_ASSERTIONS = NO;
				ENABLE_STRICT_OBJC_MSGSEND = YES;
				ENABLE_USER_SCRIPT_SANDBOXING = YES;
				GCC_C_LANGUAGE_STANDARD = gnu17;
				GCC_NO_COMMON_BLOCKS = YES;
				GCC_WARN_64_TO_32_BIT_CONVERSION = YES;
				GCC_WARN_ABOUT_RETURN_TYPE = YES_ERROR;
				GCC_WARN_UNDECLARED_SELECTOR = YES;
				GCC_WARN_UNINITIALIZED_AUTOS = YES_AGGRESSIVE;
				GCC_WARN_UNUSED_FUNCTION = YES;
				GCC_WARN_UNUSED_VARIABLE = YES;
				IPHONEOS_DEPLOYMENT_TARGET = 26.2;
				LOCALIZATION_PREFERS_STRING_CATALOGS = YES;
				MTL_ENABLE_DEBUG_INFO = NO;
				MTL_FAST_MATH = YES;
				SDKROOT = iphoneos;
				SWIFT_COMPILATION_MODE = wholemodule;
				VALIDATE_PRODUCT = YES;
			};
			name = Release;
		};
		91963D782F0D2B6300513AF2 /* Debug */ = {
			isa = XCBuildConfiguration;
			buildSettings = {
				ASSETCATALOG_COMPILER_APPICON_NAME = AppIcon;
				ASSETCATALOG_COMPILER_GLOBAL_ACCENT_COLOR_NAME = AccentColor;
				CODE_SIGN_STYLE = Automatic;
				CURRENT_PROJECT_VERSION = 1;
				DEVELOPMENT_TEAM = LX9Y64QMQB;
				ENABLE_PREVIEWS = YES;
				GENERATE_INFOPLIST_FILE = YES;
				INFOPLIST_FILE = "TCA-tutorial-chapter-1/Info.plist";
				INFOPLIST_KEY_UIApplicationSceneManifest_Generation = YES;
				INFOPLIST_KEY_UIApplicationSupportsIndirectInputEvents = YES;
				INFOPLIST_KEY_UILaunchScreen_Generation = YES;
				INFOPLIST_KEY_UISupportedInterfaceOrientations_iPad = "UIInterfaceOrientationPortrait UIInterfaceOrientationPortraitUpsideDown UIInterfaceOrientationLandscapeLeft UIInterfaceOrientationLandscapeRight";
				INFOPLIST_KEY_UISupportedInterfaceOrientations_iPhone = "UIInterfaceOrientationPortrait UIInterfaceOrientationLandscapeLeft UIInterfaceOrientationLandscapeRight";
				LD_RUNPATH_SEARCH_PATHS = (
					"$(inherited)",
					"@executable_path/Frameworks",
				);
				MARKETING_VERSION = 1.0;
				PRODUCT_BUNDLE_IDENTIFIER = "com.140degrees.TCA-tutorial-chapter-1";
				PRODUCT_NAME = "$(TARGET_NAME)";
				STRING_CATALOG_GENERATE_SYMBOLS = YES;
				SWIFT_APPROACHABLE_CONCURRENCY = YES;
				SWIFT_DEFAULT_ACTOR_ISOLATION = MainActor;
				SWIFT_EMIT_LOC_STRINGS = YES;
				SWIFT_UPCOMING_FEATURE_MEMBER_IMPORT_VISIBILITY = YES;
				SWIFT_VERSION = 5.0;
				TARGETED_DEVICE_FAMILY = "1,2";
			};
			name = Debug;
		};
		91963D792F0D2B6300513AF2 /* Release */ = {
			isa = XCBuildConfiguration;
			buildSettings = {
				ASSETCATALOG_COMPILER_APPICON_NAME = AppIcon;
				ASSETCATALOG_COMPILER_GLOBAL_ACCENT_COLOR_NAME = AccentColor;
				CODE_SIGN_STYLE = Automatic;
				CURRENT_PROJECT_VERSION = 1;
				DEVELOPMENT_TEAM = LX9Y64QMQB;
				ENABLE_PREVIEWS = YES;
				GENERATE_INFOPLIST_FILE = YES;
				INFOPLIST_FILE = "TCA-tutorial-chapter-1/Info.plist";
				INFOPLIST_KEY_UIApplicationSceneManifest_Generation = YES;
				INFOPLIST_KEY_UIApplicationSupportsIndirectInputEvents = YES;
				INFOPLIST_KEY_UILaunchScreen_Generation = YES;
				INFOPLIST_KEY_UISupportedInterfaceOrientations_iPad = "UIInterfaceOrientationPortrait UIInterfaceOrientationPortraitUpsideDown UIInterfaceOrientationLandscapeLeft UIInterfaceOrientationLandscapeRight";
				INFOPLIST_KEY_UISupportedInterfaceOrientations_iPhone = "UIInterfaceOrientationPortrait UIInterfaceOrientationLandscapeLeft UIInterfaceOrientationLandscapeRight";
				LD_RUNPATH_SEARCH_PATHS = (
					"$(inherited)",
					"@executable_path/Frameworks",
				);
				MARKETING_VERSION = 1.0;
				PRODUCT_BUNDLE_IDENTIFIER = "com.140degrees.TCA-tutorial-chapter-1";
				PRODUCT_NAME = "$(TARGET_NAME)";
				STRING_CATALOG_GENERATE_SYMBOLS = YES;
				SWIFT_APPROACHABLE_CONCURRENCY = YES;
				SWIFT_DEFAULT_ACTOR_ISOLATION = MainActor;
				SWIFT_EMIT_LOC_STRINGS = YES;
				SWIFT_UPCOMING_FEATURE_MEMBER_IMPORT_VISIBILITY = YES;
				SWIFT_VERSION = 5.0;
				TARGETED_DEVICE_FAMILY = "1,2";
			};
			name = Release;
		};
		91963D7B2F0D2B6300513AF2 /* Debug */ = {
			isa = XCBuildConfiguration;
			buildSettings = {
				BUNDLE_LOADER = "$(TEST_HOST)";
				CODE_SIGN_STYLE = Automatic;
				CURRENT_PROJECT_VERSION = 1;
				DEVELOPMENT_TEAM = LX9Y64QMQB;
				GENERATE_INFOPLIST_FILE = YES;
				IPHONEOS_DEPLOYMENT_TARGET = 26.2;
				MARKETING_VERSION = 1.0;
				PRODUCT_BUNDLE_IDENTIFIER = "com.140degrees.TCA-tutorial-chapter-1Tests";
				PRODUCT_NAME = "$(TARGET_NAME)";
				STRING_CATALOG_GENERATE_SYMBOLS = NO;
				SWIFT_APPROACHABLE_CONCURRENCY = YES;
				SWIFT_EMIT_LOC_STRINGS = NO;
				SWIFT_UPCOMING_FEATURE_MEMBER_IMPORT_VISIBILITY = YES;
				SWIFT_VERSION = 5.0;
				TARGETED_DEVICE_FAMILY = "1,2";
				TEST_HOST = "$(BUILT_PRODUCTS_DIR)/TCA-tutorial-chapter-1.app/$(BUNDLE_EXECUTABLE_FOLDER_PATH)/TCA-tutorial-chapter-1";
			};
			name = Debug;
		};
		91963D7C2F0D2B6300513AF2 /* Release */ = {
			isa = XCBuildConfiguration;
			buildSettings = {
				BUNDLE_LOADER = "$(TEST_HOST)";
				CODE_SIGN_STYLE = Automatic;
				CURRENT_PROJECT_VERSION = 1;
				DEVELOPMENT_TEAM = LX9Y64QMQB;
				GENERATE_INFOPLIST_FILE = YES;
				IPHONEOS_DEPLOYMENT_TARGET = 26.2;
				MARKETING_VERSION = 1.0;
				PRODUCT_BUNDLE_IDENTIFIER = "com.140degrees.TCA-tutorial-chapter-1Tests";
				PRODUCT_NAME = "$(TARGET_NAME)";
				STRING_CATALOG_GENERATE_SYMBOLS = NO;
				SWIFT_APPROACHABLE_CONCURRENCY = YES;
				SWIFT_EMIT_LOC_STRINGS = NO;
				SWIFT_UPCOMING_FEATURE_MEMBER_IMPORT_VISIBILITY = YES;
				SWIFT_VERSION = 5.0;
				TARGETED_DEVICE_FAMILY = "1,2";
				TEST_HOST = "$(BUILT_PRODUCTS_DIR)/TCA-tutorial-chapter-1.app/$(BUNDLE_EXECUTABLE_FOLDER_PATH)/TCA-tutorial-chapter-1";
			};
			name = Release;
		};
		91963D7E2F0D2B6300513AF2 /* Debug */ = {
			isa = XCBuildConfiguration;
			buildSettings = {
				CODE_SIGN_STYLE = Automatic;
				CURRENT_PROJECT_VERSION = 1;
				DEVELOPMENT_TEAM = LX9Y64QMQB;
				GENERATE_INFOPLIST_FILE = YES;
				MARKETING_VERSION = 1.0;
				PRODUCT_BUNDLE_IDENTIFIER = "com.140degrees.TCA-tutorial-chapter-1UITests";
				PRODUCT_NAME = "$(TARGET_NAME)";
				STRING_CATALOG_GENERATE_SYMBOLS = NO;
				SWIFT_APPROACHABLE_CONCURRENCY = YES;
				SWIFT_EMIT_LOC_STRINGS = NO;
				SWIFT_UPCOMING_FEATURE_MEMBER_IMPORT_VISIBILITY = YES;
				SWIFT_VERSION = 5.0;
				TARGETED_DEVICE_FAMILY = "1,2";
				TEST_TARGET_NAME = "TCA-tutorial-chapter-1";
			};
			name = Debug;
		};
		91963D7F2F0D2B6300513AF2 /* Release */ = {
			isa = XCBuildConfiguration;
			buildSettings = {
				CODE_SIGN_STYLE = Automatic;
				CURRENT_PROJECT_VERSION = 1;
				DEVELOPMENT_TEAM = LX9Y64QMQB;
				GENERATE_INFOPLIST_FILE = YES;
				MARKETING_VERSION = 1.0;
				PRODUCT_BUNDLE_IDENTIFIER = "com.140degrees.TCA-tutorial-chapter-1UITests";
				PRODUCT_NAME = "$(TARGET_NAME)";
				STRING_CATALOG_GENERATE_SYMBOLS = NO;
				SWIFT_APPROACHABLE_CONCURRENCY = YES;
				SWIFT_EMIT_LOC_STRINGS = NO;
				SWIFT_UPCOMING_FEATURE_MEMBER_IMPORT_VISIBILITY = YES;
				SWIFT_VERSION = 5.0;
				TARGETED_DEVICE_FAMILY = "1,2";
				TEST_TARGET_NAME = "TCA-tutorial-chapter-1";
			};
			name = Release;
		};
/* End XCBuildConfiguration section */

/* Begin XCConfigurationList section */
		91963D512F0D2B6100513AF2 /* Build configuration list for PBXProject "TCA-tutorial-chapter-1" */ = {
			isa = XCConfigurationList;
			buildConfigurations = (
				91963D752F0D2B6300513AF2 /* Debug */,
				91963D762F0D2B6300513AF2 /* Release */,
			);
			defaultConfigurationIsVisible = 0;
			defaultConfigurationName = Release;
		};
		91963D772F0D2B6300513AF2 /* Build configuration list for PBXNativeTarget "TCA-tutorial-chapter-1" */ = {
			isa = XCConfigurationList;
			buildConfigurations = (
				91963D782F0D2B6300513AF2 /* Debug */,
				91963D792F0D2B6300513AF2 /* Release */,
			);
			defaultConfigurationIsVisible = 0;
			defaultConfigurationName = Release;
		};
		91963D7A2F0D2B6300513AF2 /* Build configuration list for PBXNativeTarget "TCA-tutorial-chapter-1Tests" */ = {
			isa = XCConfigurationList;
			buildConfigurations = (
				91963D7B2F0D2B6300513AF2 /* Debug */,
				91963D7C2F0D2B6300513AF2 /* Release */,
			);
			defaultConfigurationIsVisible = 0;
			defaultConfigurationName = Release;
		};
		91963D7D2F0D2B6300513AF2 /* Build configuration list for PBXNativeTarget "TCA-tutorial-chapter-1UITests" */ = {
			isa = XCConfigurationList;
			buildConfigurations = (
				91963D7E2F0D2B6300513AF2 /* Debug */,
				91963D7F2F0D2B6300513AF2 /* Release */,
			);
			defaultConfigurationIsVisible = 0;
			defaultConfigurationName = Release;
		};
/* End XCConfigurationList section */

/* Begin XCRemoteSwiftPackageReference section */
		91963D812F0D2D2200513AF2 /* XCRemoteSwiftPackageReference "swift-composable-architecture" */ = {
			isa = XCRemoteSwiftPackageReference;
			repositoryURL = "https://github.com/pointfreeco/swift-composable-architecture";
			requirement = {
				kind = upToNextMajorVersion;
				minimumVersion = 1.23.1;
			};
		};
/* End XCRemoteSwiftPackageReference section */

/* Begin XCSwiftPackageProductDependency section */
		91963D822F0D2D2200513AF2 /* ComposableArchitecture */ = {
			isa = XCSwiftPackageProductDependency;
			package = 91963D812F0D2D2200513AF2 /* XCRemoteSwiftPackageReference "swift-composable-architecture" */;
			productName = ComposableArchitecture;
		};
/* End XCSwiftPackageProductDependency section */
	};
	rootObject = 91963D4E2F0D2B6100513AF2 /* Project object */;
}
